
Microsoft Visual Studio Solution File, Format Version 12.00
# Visual Studio 15
VisualStudioVersion = 15.0.26430.6
MinimumVisualStudioVersion = 10.0.40219.1
Project("{9A19103F-16F7-4668-BE54-9A1E7A4F7556}") = "dotnet-ildasm", "src\dotnet-ildasm\dotnet-ildasm.csproj", "{6F4CEE53-D085-4B26-A7D3-9FE626FC1550}"
EndProject
Project("{2150E333-8FDC-42A3-9474-1A3956D46DE8}") = "Solution items", "Solution items", "{98ACE31A-8E21-4953-A55E-E62C6E10921B}"
	ProjectSection(SolutionItems) = preProject
		appveyor.yml = appveyor.yml
		GitVersion.yml = GitVersion.yml
		README.md = README.md
	EndProjectSection
EndProject
Project("{9A19103F-16F7-4668-BE54-9A1E7A4F7556}") = "dotnet-ildasm.Tests", "src\dotnet-ildasm.Tests\dotnet-ildasm.Tests.csproj", "{F587A58E-9397-4F75-BCA5-CA92576ECCB6}"
EndProject
Global
	GlobalSection(SolutionConfigurationPlatforms) = preSolution
		Debug|Any CPU = Debug|Any CPU
		Release|Any CPU = Release|Any CPU
	EndGlobalSection
	GlobalSection(ProjectConfigurationPlatforms) = postSolution
		{6F4CEE53-D085-4B26-A7D3-9FE626FC1550}.Debug|Any CPU.ActiveCfg = Debug|Any CPU
		{6F4CEE53-D085-4B26-A7D3-9FE626FC1550}.Debug|Any CPU.Build.0 = Debug|Any CPU
		{6F4CEE53-D085-4B26-A7D3-9FE626FC1550}.Release|Any CPU.ActiveCfg = Release|Any CPU
		{6F4CEE53-D085-4B26-A7D3-9FE626FC1550}.Release|Any CPU.Build.0 = Release|Any CPU
		{F587A58E-9397-4F75-BCA5-CA92576ECCB6}.Debug|Any CPU.ActiveCfg = Debug|Any CPU
		{F587A58E-9397-4F75-BCA5-CA92576ECCB6}.Debug|Any CPU.Build.0 = Debug|Any CPU
		{F587A58E-9397-4F75-BCA5-CA92576ECCB6}.Release|Any CPU.ActiveCfg = Release|Any CPU
		{F587A58E-9397-4F75-BCA5-CA92576ECCB6}.Release|Any CPU.Build.0 = Release|Any CPU
	EndGlobalSection
	GlobalSection(SolutionProperties) = preSolution
		HideSolutionNode = FALSE
	EndGlobalSection
EndGlobal
